
Microsoft Visual Studio Solution File, Format Version 12.00
# Visual Studio Version 17
VisualStudioVersion = 17.7.34302.85
MinimumVisualStudioVersion = 10.0.40219.1
Project("{9A19103F-16F7-4668-BE54-9A1E7A4F7556}") = "RoleAssignProject", "RoleAssignProject\RoleAssignProject.csproj", "{9AF388E5-4E1B-447F-989B-4329C1ACD24D}"
EndProject
Global
	GlobalSection(SolutionConfigurationPlatforms) = preSolution
		Debug|Any CPU = Debug|Any CPU
		Release|Any CPU = Release|Any CPU
	EndGlobalSection
	GlobalSection(ProjectConfigurationPlatforms) = postSolution
		{9AF388E5-4E1B-447F-989B-4329C1ACD24D}.Debug|Any CPU.ActiveCfg = Debug|Any CPU
		{9AF388E5-4E1B-447F-989B-4329C1ACD24D}.Debug|Any CPU.Build.0 = Debug|Any CPU
		{9AF388E5-4E1B-447F-989B-4329C1ACD24D}.Release|Any CPU.ActiveCfg = Release|Any CPU
		{9AF388E5-4E1B-447F-989B-4329C1ACD24D}.Release|Any CPU.Build.0 = Release|Any CPU
	EndGlobalSection
	GlobalSection(SolutionProperties) = preSolution
		HideSolutionNode = FALSE
	EndGlobalSection
	GlobalSection(ExtensibilityGlobals) = postSolution
		SolutionGuid = {0C068748-ABB9-474D-A129-28F412E0A528}
	EndGlobalSection
EndGlobal
